
Microsoft Visual Studio Solution File, Format Version 12.00
# Visual Studio Version 16
VisualStudioVersion = 16.0.29306.81
MinimumVisualStudioVersion = 10.0.40219.1
Project("{FAE04EC0-301F-11D3-BF4B-00C04F79EFBC}") = "MapMaker", "MapMaker\MapMaker.csproj", "{2B192C67-F95A-4018-B6A1-2122AECAE058}"
EndProject
Global
	GlobalSection(SolutionConfigurationPlatforms) = preSolution
		Debug|Any CPU = Debug|Any CPU
		Release|Any CPU = Release|Any CPU
	EndGlobalSection
	GlobalSection(ProjectConfigurationPlatforms) = postSolution
		{2B192C67-F95A-4018-B6A1-2122AECAE058}.Debug|Any CPU.ActiveCfg = Debug|Any CPU
		{2B192C67-F95A-4018-B6A1-2122AECAE058}.Debug|Any CPU.Build.0 = Debug|Any CPU
		{2B192C67-F95A-4018-B6A1-2122AECAE058}.Release|Any CPU.ActiveCfg = Release|Any CPU
		{2B192C67-F95A-4018-B6A1-2122AECAE058}.Release|Any CPU.Build.0 = Release|Any CPU
	EndGlobalSection
	GlobalSection(SolutionProperties) = preSolution
		HideSolutionNode = FALSE
	EndGlobalSection
	GlobalSection(ExtensibilityGlobals) = postSolution
		SolutionGuid = {C7A4045E-8076-4092-8653-904A2EB50AA9}
	EndGlobalSection
EndGlobal
